
Microsoft Visual Studio Solution File, Format Version 12.00
# Visual Studio 15
VisualStudioVersion = 15.0.28307.136
MinimumVisualStudioVersion = 10.0.40219.1
Project("{FAE04EC0-301F-11D3-BF4B-00C04F79EFBC}") = "Pagar", "Pagar\Pagar.csproj", "{6EAED834-C6D4-4481-890A-727943F70997}"
EndProject
Global
	GlobalSection(SolutionConfigurationPlatforms) = preSolution
		Debug|Any CPU = Debug|Any CPU
		Release|Any CPU = Release|Any CPU
	EndGlobalSection
	GlobalSection(ProjectConfigurationPlatforms) = postSolution
		{6EAED834-C6D4-4481-890A-727943F70997}.Debug|Any CPU.ActiveCfg = Debug|Any CPU
		{6EAED834-C6D4-4481-890A-727943F70997}.Debug|Any CPU.Build.0 = Debug|Any CPU
		{6EAED834-C6D4-4481-890A-727943F70997}.Release|Any CPU.ActiveCfg = Release|Any CPU
		{6EAED834-C6D4-4481-890A-727943F70997}.Release|Any CPU.Build.0 = Release|Any CPU
	EndGlobalSection
	GlobalSection(SolutionProperties) = preSolution
		HideSolutionNode = FALSE
	EndGlobalSection
	GlobalSection(ExtensibilityGlobals) = postSolution
		SolutionGuid = {36B9A0B3-CBE1-42D3-B376-0D4D7DCF31B2}
	EndGlobalSection
EndGlobal
